// !$*UTF8*$!
{
	archiveVersion = 1;
	classes = {
	};
	objectVersion = 77;
	objects = {

/* Begin PBXBuildFile section */
		F1134EA62E757F230097A2A4 /* Semaphore in Frameworks */ = {isa = PBXBuildFile; productRef = F1134EA52E757F230097A2A4 /* Semaphore */; };
		F18CDB3C2EC2248C005E94B4 /* SpruceIDMobileSdkRs in Frameworks */ = {isa = PBXBuildFile; productRef = F18CDB3B2EC2248C005E94B4 /* SpruceIDMobileSdkRs */; };
/* End PBXBuildFile section */

/* Begin PBXContainerItemProxy section */
		F1133D8D2E70600C0097A2A4 /* PBXContainerItemProxy */ = {
			isa = PBXContainerItemProxy;
			containerPortal = F1133D762E70600A0097A2A4 /* Project object */;
			proxyType = 1;
			remoteGlobalIDString = F1133D7D2E70600A0097A2A4;
			remoteInfo = airmeishi;
		};
		F1133D972E70600C0097A2A4 /* PBXContainerItemProxy */ = {
			isa = PBXContainerItemProxy;
			containerPortal = F1133D762E70600A0097A2A4 /* Project object */;
			proxyType = 1;
			remoteGlobalIDString = F1133D7D2E70600A0097A2A4;
			remoteInfo = airmeishi;
		};
/* End PBXContainerItemProxy section */

/* Begin PBXFileReference section */
		F1133D7E2E70600A0097A2A4 /* airmeishi.app */ = {isa = PBXFileReference; explicitFileType = wrapper.application; includeInIndex = 0; path = airmeishi.app; sourceTree = BUILT_PRODUCTS_DIR; };
		F1133D8C2E70600C0097A2A4 /* airmeishiTests.xctest */ = {isa = PBXFileReference; explicitFileType = wrapper.cfbundle; includeInIndex = 0; path = airmeishiTests.xctest; sourceTree = BUILT_PRODUCTS_DIR; };
		F1133D962E70600C0097A2A4 /* airmeishiUITests.xctest */ = {isa = PBXFileReference; explicitFileType = wrapper.cfbundle; includeInIndex = 0; path = airmeishiUITests.xctest; sourceTree = BUILT_PRODUCTS_DIR; };
/* End PBXFileReference section */

/* Begin PBXFileSystemSynchronizedBuildFileExceptionSet section */
		F1134DD32E73C3C50097A2A4 /* Exceptions for "airmeishi" folder in "airmeishi" target */ = {
			isa = PBXFileSystemSynchronizedBuildFileExceptionSet;
			membershipExceptions = (
				Info.plist,
			);
			target = F1133D7D2E70600A0097A2A4 /* airmeishi */;
		};
/* End PBXFileSystemSynchronizedBuildFileExceptionSet section */

/* Begin PBXFileSystemSynchronizedRootGroup section */
		F1133D802E70600A0097A2A4 /* airmeishi */ = {
			isa = PBXFileSystemSynchronizedRootGroup;
			exceptions = (
				F1134DD32E73C3C50097A2A4 /* Exceptions for "airmeishi" folder in "airmeishi" target */,
			);
			path = airmeishi;
			sourceTree = "<group>";
		};
		F1133D8F2E70600C0097A2A4 /* airmeishiTests */ = {
			isa = PBXFileSystemSynchronizedRootGroup;
			path = airmeishiTests;
			sourceTree = "<group>";
		};
		F1133D992E70600C0097A2A4 /* airmeishiUITests */ = {
			isa = PBXFileSystemSynchronizedRootGroup;
			path = airmeishiUITests;
			sourceTree = "<group>";
		};
/* End PBXFileSystemSynchronizedRootGroup section */

/* Begin PBXFrameworksBuildPhase section */
		F1133D7B2E70600A0097A2A4 /* Frameworks */ = {
			isa = PBXFrameworksBuildPhase;
			buildActionMask = 2147483647;
			files = (
				F1134EA62E757F230097A2A4 /* Semaphore in Frameworks */,
				F18CDB3C2EC2248C005E94B4 /* SpruceIDMobileSdkRs in Frameworks */,
			);
			runOnlyForDeploymentPostprocessing = 0;
		};
		F1133D892E70600C0097A2A4 /* Frameworks */ = {
			isa = PBXFrameworksBuildPhase;
			buildActionMask = 2147483647;
			files = (
			);
			runOnlyForDeploymentPostprocessing = 0;
		};
		F1133D932E70600C0097A2A4 /* Frameworks */ = {
			isa = PBXFrameworksBuildPhase;
			buildActionMask = 2147483647;
			files = (
			);
			runOnlyForDeploymentPostprocessing = 0;
		};
/* End PBXFrameworksBuildPhase section */

/* Begin PBXGroup section */
		F1133D752E70600A0097A2A4 = {
			isa = PBXGroup;
			children = (
				F1133D802E70600A0097A2A4 /* airmeishi */,
				F1133D8F2E70600C0097A2A4 /* airmeishiTests */,
				F1133D992E70600C0097A2A4 /* airmeishiUITests */,
				F1134EA42E757F230097A2A4 /* Frameworks */,
				F1133D7F2E70600A0097A2A4 /* Products */,
			);
			sourceTree = "<group>";
		};
		F1133D7F2E70600A0097A2A4 /* Products */ = {
			isa = PBXGroup;
			children = (
				F1133D7E2E70600A0097A2A4 /* airmeishi.app */,
				F1133D8C2E70600C0097A2A4 /* airmeishiTests.xctest */,
				F1133D962E70600C0097A2A4 /* airmeishiUITests.xctest */,
			);
			name = Products;
			sourceTree = "<group>";
		};
		F1134EA42E757F230097A2A4 /* Frameworks */ = {
			isa = PBXGroup;
			children = (
			);
			name = Frameworks;
			sourceTree = "<group>";
		};
/* End PBXGroup section */

/* Begin PBXNativeTarget section */
		F1133D7D2E70600A0097A2A4 /* airmeishi */ = {
			isa = PBXNativeTarget;
			buildConfigurationList = F1133DA02E70600C0097A2A4 /* Build configuration list for PBXNativeTarget "airmeishi" */;
			buildPhases = (
				F1133D7A2E70600A0097A2A4 /* Sources */,
				F1133D7B2E70600A0097A2A4 /* Frameworks */,
				F1133D7C2E70600A0097A2A4 /* Resources */,
			);
			buildRules = (
			);
			dependencies = (
			);
			fileSystemSynchronizedGroups = (
				F1133D802E70600A0097A2A4 /* airmeishi */,
			);
			name = airmeishi;
			packageProductDependencies = (
				F1134EA52E757F230097A2A4 /* Semaphore */,
				F18CDB3B2EC2248C005E94B4 /* SpruceIDMobileSdkRs */,
			);
			productName = airmeishi;
			productReference = F1133D7E2E70600A0097A2A4 /* airmeishi.app */;
			productType = "com.apple.product-type.application";
		};
		F1133D8B2E70600C0097A2A4 /* airmeishiTests */ = {
			isa = PBXNativeTarget;
			buildConfigurationList = F1133DA32E70600C0097A2A4 /* Build configuration list for PBXNativeTarget "airmeishiTests" */;
			buildPhases = (
				F1133D882E70600C0097A2A4 /* Sources */,
				F1133D892E70600C0097A2A4 /* Frameworks */,
				F1133D8A2E70600C0097A2A4 /* Resources */,
			);
			buildRules = (
			);
			dependencies = (
				F1133D8E2E70600C0097A2A4 /* PBXTargetDependency */,
			);
			fileSystemSynchronizedGroups = (
				F1133D8F2E70600C0097A2A4 /* airmeishiTests */,
			);
			name = airmeishiTests;
			packageProductDependencies = (
			);
			productName = airmeishiTests;
			productReference = F1133D8C2E70600C0097A2A4 /* airmeishiTests.xctest */;
			productType = "com.apple.product-type.bundle.unit-test";
		};
		F1133D952E70600C0097A2A4 /* airmeishiUITests */ = {
			isa = PBXNativeTarget;
			buildConfigurationList = F1133DA62E70600C0097A2A4 /* Build configuration list for PBXNativeTarget "airmeishiUITests" */;
			buildPhases = (
				F1133D922E70600C0097A2A4 /* Sources */,
				F1133D932E70600C0097A2A4 /* Frameworks */,
				F1133D942E70600C0097A2A4 /* Resources */,
			);
			buildRules = (
			);
			dependencies = (
				F1133D982E70600C0097A2A4 /* PBXTargetDependency */,
			);
			fileSystemSynchronizedGroups = (
				F1133D992E70600C0097A2A4 /* airmeishiUITests */,
			);
			name = airmeishiUITests;
			packageProductDependencies = (
			);
			productName = airmeishiUITests;
			productReference = F1133D962E70600C0097A2A4 /* airmeishiUITests.xctest */;
			productType = "com.apple.product-type.bundle.ui-testing";
		};
/* End PBXNativeTarget section */

/* Begin PBXProject section */
		F1133D762E70600A0097A2A4 /* Project object */ = {
			isa = PBXProject;
			attributes = {
				BuildIndependentTargetsInParallel = 1;
				LastSwiftUpdateCheck = 1640;
				LastUpgradeCheck = 2600;
				TargetAttributes = {
					F1133D7D2E70600A0097A2A4 = {
						CreatedOnToolsVersion = 16.4;
					};
					F1133D8B2E70600C0097A2A4 = {
						CreatedOnToolsVersion = 16.4;
						TestTargetID = F1133D7D2E70600A0097A2A4;
					};
					F1133D952E70600C0097A2A4 = {
						CreatedOnToolsVersion = 16.4;
						TestTargetID = F1133D7D2E70600A0097A2A4;
					};
				};
			};
			buildConfigurationList = F1133D792E70600A0097A2A4 /* Build configuration list for PBXProject "airmeishi" */;
			developmentRegion = en;
			hasScannedForEncodings = 0;
			knownRegions = (
				en,
				Base,
			);
			mainGroup = F1133D752E70600A0097A2A4;
			minimizedProjectReferenceProxies = 1;
			packageReferences = (
				F1134EA32E757CE20097A2A4 /* XCRemoteSwiftPackageReference "SemaphoreSwift" */,
				F18CDB272EC1F68E005E94B4 /* XCRemoteSwiftPackageReference "sprucekit-mobile" */,
			);
			preferredProjectObjectVersion = 77;
			productRefGroup = F1133D7F2E70600A0097A2A4 /* Products */;
			projectDirPath = "";
			projectRoot = "";
			targets = (
				F1133D7D2E70600A0097A2A4 /* airmeishi */,
				F1133D8B2E70600C0097A2A4 /* airmeishiTests */,
				F1133D952E70600C0097A2A4 /* airmeishiUITests */,
			);
		};
/* End PBXProject section */

/* Begin PBXResourcesBuildPhase section */
		F1133D7C2E70600A0097A2A4 /* Resources */ = {
			isa = PBXResourcesBuildPhase;
			buildActionMask = 2147483647;
			files = (
			);
			runOnlyForDeploymentPostprocessing = 0;
		};
		F1133D8A2E70600C0097A2A4 /* Resources */ = {
			isa = PBXResourcesBuildPhase;
			buildActionMask = 2147483647;
			files = (
			);
			runOnlyForDeploymentPostprocessing = 0;
		};
		F1133D942E70600C0097A2A4 /* Resources */ = {
			isa = PBXResourcesBuildPhase;
			buildActionMask = 2147483647;
			files = (
			);
			runOnlyForDeploymentPostprocessing = 0;
		};
/* End PBXResourcesBuildPhase section */

/* Begin PBXSourcesBuildPhase section */
		F1133D7A2E70600A0097A2A4 /* Sources */ = {
			isa = PBXSourcesBuildPhase;
			buildActionMask = 2147483647;
			files = (
			);
			runOnlyForDeploymentPostprocessing = 0;
		};
		F1133D882E70600C0097A2A4 /* Sources */ = {
			isa = PBXSourcesBuildPhase;
			buildActionMask = 2147483647;
			files = (
			);
			runOnlyForDeploymentPostprocessing = 0;
		};
		F1133D922E70600C0097A2A4 /* Sources */ = {
			isa = PBXSourcesBuildPhase;
			buildActionMask = 2147483647;
			files = (
			);
			runOnlyForDeploymentPostprocessing = 0;
		};
/* End PBXSourcesBuildPhase section */

/* Begin PBXTargetDependency section */
		F1133D8E2E70600C0097A2A4 /* PBXTargetDependency */ = {
			isa = PBXTargetDependency;
			target = F1133D7D2E70600A0097A2A4 /* airmeishi */;
			targetProxy = F1133D8D2E70600C0097A2A4 /* PBXContainerItemProxy */;
		};
		F1133D982E70600C0097A2A4 /* PBXTargetDependency */ = {
			isa = PBXTargetDependency;
			target = F1133D7D2E70600A0097A2A4 /* airmeishi */;
			targetProxy = F1133D972E70600C0097A2A4 /* PBXContainerItemProxy */;
		};
/* End PBXTargetDependency section */

/* Begin XCBuildConfiguration section */
		F1133D9E2E70600C0097A2A4 /* Debug */ = {
			isa = XCBuildConfiguration;
			buildSettings = {
				ALWAYS_SEARCH_USER_PATHS = NO;
				ASSETCATALOG_COMPILER_GENERATE_SWIFT_ASSET_SYMBOL_EXTENSIONS = YES;
				CLANG_ANALYZER_NONNULL = YES;
				CLANG_ANALYZER_NUMBER_OBJECT_CONVERSION = YES_AGGRESSIVE;
				CLANG_CXX_LANGUAGE_STANDARD = "gnu++20";
				CLANG_ENABLE_MODULES = YES;
				CLANG_ENABLE_OBJC_ARC = YES;
				CLANG_ENABLE_OBJC_WEAK = YES;
				CLANG_WARN_BLOCK_CAPTURE_AUTORELEASING = YES;
				CLANG_WARN_BOOL_CONVERSION = YES;
				CLANG_WARN_COMMA = YES;
				CLANG_WARN_CONSTANT_CONVERSION = YES;
				CLANG_WARN_DEPRECATED_OBJC_IMPLEMENTATIONS = YES;
				CLANG_WARN_DIRECT_OBJC_ISA_USAGE = YES_ERROR;
				CLANG_WARN_DOCUMENTATION_COMMENTS = YES;
				CLANG_WARN_EMPTY_BODY = YES;
				CLANG_WARN_ENUM_CONVERSION = YES;
				CLANG_WARN_INFINITE_RECURSION = YES;
				CLANG_WARN_INT_CONVERSION = YES;
				CLANG_WARN_NON_LITERAL_NULL_CONVERSION = YES;
				CLANG_WARN_OBJC_IMPLICIT_RETAIN_SELF = YES;
				CLANG_WARN_OBJC_LITERAL_CONVERSION = YES;
				CLANG_WARN_OBJC_ROOT_CLASS = YES_ERROR;
				CLANG_WARN_QUOTED_INCLUDE_IN_FRAMEWORK_HEADER = YES;
				CLANG_WARN_RANGE_LOOP_ANALYSIS = YES;
				CLANG_WARN_STRICT_PROTOTYPES = YES;
				CLANG_WARN_SUSPICIOUS_MOVE = YES;
				CLANG_WARN_UNGUARDED_AVAILABILITY = YES_AGGRESSIVE;
				CLANG_WARN_UNREACHABLE_CODE = YES;
				CLANG_WARN__DUPLICATE_METHOD_MATCH = YES;
				COPY_PHASE_STRIP = NO;
				DEAD_CODE_STRIPPING = YES;
				DEBUG_INFORMATION_FORMAT = dwarf;
				DEVELOPMENT_TEAM = 5N42RJ485D;
				ENABLE_STRICT_OBJC_MSGSEND = YES;
				ENABLE_TESTABILITY = YES;
				ENABLE_USER_SCRIPT_SANDBOXING = YES;
				GCC_C_LANGUAGE_STANDARD = gnu17;
				GCC_DYNAMIC_NO_PIC = NO;
				GCC_NO_COMMON_BLOCKS = YES;
				GCC_OPTIMIZATION_LEVEL = 0;
				GCC_PREPROCESSOR_DEFINITIONS = (
					"DEBUG=1",
					"$(inherited)",
				);
				GCC_WARN_64_TO_32_BIT_CONVERSION = YES;
				GCC_WARN_ABOUT_RETURN_TYPE = YES_ERROR;
				GCC_WARN_UNDECLARED_SELECTOR = YES;
				GCC_WARN_UNINITIALIZED_AUTOS = YES_AGGRESSIVE;
				GCC_WARN_UNUSED_FUNCTION = YES;
				GCC_WARN_UNUSED_VARIABLE = YES;
				LOCALIZATION_PREFERS_STRING_CATALOGS = YES;
				MTL_ENABLE_DEBUG_INFO = INCLUDE_SOURCE;
				MTL_FAST_MATH = YES;
				ONLY_ACTIVE_ARCH = YES;
				STRING_CATALOG_GENERATE_SYMBOLS = YES;
				SWIFT_ACTIVE_COMPILATION_CONDITIONS = "DEBUG $(inherited)";
				SWIFT_OPTIMIZATION_LEVEL = "-Onone";
			};
			name = Debug;
		};
		F1133D9F2E70600C0097A2A4 /* Release */ = {
			isa = XCBuildConfiguration;
			buildSettings = {
				ALWAYS_SEARCH_USER_PATHS = NO;
				ASSETCATALOG_COMPILER_GENERATE_SWIFT_ASSET_SYMBOL_EXTENSIONS = YES;
				CLANG_ANALYZER_NONNULL = YES;
				CLANG_ANALYZER_NUMBER_OBJECT_CONVERSION = YES_AGGRESSIVE;
				CLANG_CXX_LANGUAGE_STANDARD = "gnu++20";
				CLANG_ENABLE_MODULES = YES;
				CLANG_ENABLE_OBJC_ARC = YES;
				CLANG_ENABLE_OBJC_WEAK = YES;
				CLANG_WARN_BLOCK_CAPTURE_AUTORELEASING = YES;
				CLANG_WARN_BOOL_CONVERSION = YES;
				CLANG_WARN_COMMA = YES;
				CLANG_WARN_CONSTANT_CONVERSION = YES;
				CLANG_WARN_DEPRECATED_OBJC_IMPLEMENTATIONS = YES;
				CLANG_WARN_DIRECT_OBJC_ISA_USAGE = YES_ERROR;
				CLANG_WARN_DOCUMENTATION_COMMENTS = YES;
				CLANG_WARN_EMPTY_BODY = YES;
				CLANG_WARN_ENUM_CONVERSION = YES;
				CLANG_WARN_INFINITE_RECURSION = YES;
				CLANG_WARN_INT_CONVERSION = YES;
				CLANG_WARN_NON_LITERAL_NULL_CONVERSION = YES;
				CLANG_WARN_OBJC_IMPLICIT_RETAIN_SELF = YES;
				CLANG_WARN_OBJC_LITERAL_CONVERSION = YES;
				CLANG_WARN_OBJC_ROOT_CLASS = YES_ERROR;
				CLANG_WARN_QUOTED_INCLUDE_IN_FRAMEWORK_HEADER = YES;
				CLANG_WARN_RANGE_LOOP_ANALYSIS = YES;
				CLANG_WARN_STRICT_PROTOTYPES = YES;
				CLANG_WARN_SUSPICIOUS_MOVE = YES;
				CLANG_WARN_UNGUARDED_AVAILABILITY = YES_AGGRESSIVE;
				CLANG_WARN_UNREACHABLE_CODE = YES;
				CLANG_WARN__DUPLICATE_METHOD_MATCH = YES;
				COPY_PHASE_STRIP = NO;
				DEAD_CODE_STRIPPING = YES;
				DEBUG_INFORMATION_FORMAT = "dwarf-with-dsym";
				DEVELOPMENT_TEAM = 5N42RJ485D;
				ENABLE_NS_ASSERTIONS = NO;
				ENABLE_STRICT_OBJC_MSGSEND = YES;
				ENABLE_USER_SCRIPT_SANDBOXING = YES;
				GCC_C_LANGUAGE_STANDARD = gnu17;
				GCC_NO_COMMON_BLOCKS = YES;
				GCC_WARN_64_TO_32_BIT_CONVERSION = YES;
				GCC_WARN_ABOUT_RETURN_TYPE = YES_ERROR;
				GCC_WARN_UNDECLARED_SELECTOR = YES;
				GCC_WARN_UNINITIALIZED_AUTOS = YES_AGGRESSIVE;
				GCC_WARN_UNUSED_FUNCTION = YES;
				GCC_WARN_UNUSED_VARIABLE = YES;
				LOCALIZATION_PREFERS_STRING_CATALOGS = YES;
				MTL_ENABLE_DEBUG_INFO = NO;
				MTL_FAST_MATH = YES;
				STRING_CATALOG_GENERATE_SYMBOLS = YES;
				SWIFT_COMPILATION_MODE = wholemodule;
			};
			name = Release;
		};
		F1133DA12E70600C0097A2A4 /* Debug */ = {
			isa = XCBuildConfiguration;
			buildSettings = {
				ASSETCATALOG_COMPILER_APPICON_NAME = AppIcon;
				ASSETCATALOG_COMPILER_GLOBAL_ACCENT_COLOR_NAME = AccentColor;
				CODE_SIGN_ENTITLEMENTS = airmeishi/airmeishi.entitlements;
				"CODE_SIGN_IDENTITY[sdk=macosx*]" = "Apple Development";
				CODE_SIGN_STYLE = Automatic;
				CURRENT_PROJECT_VERSION = 1;
				DEAD_CODE_STRIPPING = YES;
				DEVELOPMENT_TEAM = 538MCM44UX;
				ENABLE_APP_SANDBOX = YES;
				ENABLE_HARDENED_RUNTIME = YES;
				ENABLE_PREVIEWS = YES;
				ENABLE_USER_SELECTED_FILES = readonly;
				GENERATE_INFOPLIST_FILE = NO;
				INFOPLIST_FILE = airmeishi/Info.plist;
				INFOPLIST_KEY_CFBundleDisplayName = "Solid(ar)ity";
				INFOPLIST_KEY_LSApplicationCategoryType = "public.app-category.social-networking";
				INFOPLIST_KEY_NSCameraUsageDescription = "This app needs camera access to scan QR codes and business cards.";
				INFOPLIST_KEY_NSContactsUsageDescription = "This app needs access to contacts to save business card information.";
				INFOPLIST_KEY_NSLocalNetworkUsageDescription = "This app needs access to the local network to discover and connect with nearby devices for business card sharing.";
				INFOPLIST_KEY_NSPhotoLibraryUsageDescription = "This app needs access to photo library to save QR codes and business card images.";
				"INFOPLIST_KEY_UIApplicationSceneManifest_Generation[sdk=iphoneos*]" = YES;
				"INFOPLIST_KEY_UIApplicationSceneManifest_Generation[sdk=iphonesimulator*]" = YES;
				"INFOPLIST_KEY_UIApplicationSupportsIndirectInputEvents[sdk=iphoneos*]" = YES;
				"INFOPLIST_KEY_UIApplicationSupportsIndirectInputEvents[sdk=iphonesimulator*]" = YES;
				"INFOPLIST_KEY_UILaunchScreen_Generation[sdk=iphoneos*]" = YES;
				"INFOPLIST_KEY_UILaunchScreen_Generation[sdk=iphonesimulator*]" = YES;
				"INFOPLIST_KEY_UIStatusBarStyle[sdk=iphoneos*]" = UIStatusBarStyleDefault;
				"INFOPLIST_KEY_UIStatusBarStyle[sdk=iphonesimulator*]" = UIStatusBarStyleDefault;
				INFOPLIST_KEY_UISupportedInterfaceOrientations_iPad = "UIInterfaceOrientationPortrait UIInterfaceOrientationPortraitUpsideDown UIInterfaceOrientationLandscapeLeft UIInterfaceOrientationLandscapeRight";
				INFOPLIST_KEY_UISupportedInterfaceOrientations_iPhone = "UIInterfaceOrientationPortrait UIInterfaceOrientationLandscapeLeft UIInterfaceOrientationLandscapeRight";
				IPHONEOS_DEPLOYMENT_TARGET = 17.0;
				LD_RUNPATH_SEARCH_PATHS = "@executable_path/Frameworks";
				"LD_RUNPATH_SEARCH_PATHS[sdk=macosx*]" = "@executable_path/../Frameworks";
				MACOSX_DEPLOYMENT_TARGET = 15.5;
				MARKETING_VERSION = 1.1.0;
				PRODUCT_BUNDLE_IDENTIFIER = kidneyweakx.airmeishi;
				PRODUCT_NAME = "$(TARGET_NAME)";
				REGISTER_APP_GROUPS = YES;
				SDKROOT = auto;
				SUPPORTED_PLATFORMS = "iphoneos iphonesimulator";
				SWIFT_EMIT_LOC_STRINGS = YES;
				SWIFT_VERSION = 5.0;
				TARGETED_DEVICE_FAMILY = 1;
				XROS_DEPLOYMENT_TARGET = 2.5;
			};
			name = Debug;
		};
		F1133DA22E70600C0097A2A4 /* Release */ = {
			isa = XCBuildConfiguration;
			buildSettings = {
				ASSETCATALOG_COMPILER_APPICON_NAME = AppIcon;
				ASSETCATALOG_COMPILER_GLOBAL_ACCENT_COLOR_NAME = AccentColor;
				CODE_SIGN_ENTITLEMENTS = airmeishi/airmeishi.entitlements;
				"CODE_SIGN_IDENTITY[sdk=macosx*]" = "Apple Development";
				CODE_SIGN_STYLE = Automatic;
				CURRENT_PROJECT_VERSION = 1;
				DEAD_CODE_STRIPPING = YES;
				DEVELOPMENT_TEAM = 538MCM44UX;
				ENABLE_APP_SANDBOX = YES;
				ENABLE_HARDENED_RUNTIME = YES;
				ENABLE_PREVIEWS = YES;
				ENABLE_USER_SELECTED_FILES = readonly;
				GENERATE_INFOPLIST_FILE = NO;
				INFOPLIST_FILE = airmeishi/Info.plist;
				INFOPLIST_KEY_CFBundleDisplayName = "Solid(ar)ity";
				INFOPLIST_KEY_LSApplicationCategoryType = "public.app-category.social-networking";
				INFOPLIST_KEY_NSCameraUsageDescription = "This app needs camera access to scan QR codes and business cards.";
				INFOPLIST_KEY_NSContactsUsageDescription = "This app needs access to contacts to save business card information.";
				INFOPLIST_KEY_NSLocalNetworkUsageDescription = "This app needs access to the local network to discover and connect with nearby devices for business card sharing.";
				INFOPLIST_KEY_NSPhotoLibraryUsageDescription = "This app needs access to photo library to save QR codes and business card images.";
				"INFOPLIST_KEY_UIApplicationSceneManifest_Generation[sdk=iphoneos*]" = YES;
				"INFOPLIST_KEY_UIApplicationSceneManifest_Generation[sdk=iphonesimulator*]" = YES;
				"INFOPLIST_KEY_UIApplicationSupportsIndirectInputEvents[sdk=iphoneos*]" = YES;
				"INFOPLIST_KEY_UIApplicationSupportsIndirectInputEvents[sdk=iphonesimulator*]" = YES;
				"INFOPLIST_KEY_UILaunchScreen_Generation[sdk=iphoneos*]" = YES;
				"INFOPLIST_KEY_UILaunchScreen_Generation[sdk=iphonesimulator*]" = YES;
				"INFOPLIST_KEY_UIStatusBarStyle[sdk=iphoneos*]" = UIStatusBarStyleDefault;
				"INFOPLIST_KEY_UIStatusBarStyle[sdk=iphonesimulator*]" = UIStatusBarStyleDefault;
				INFOPLIST_KEY_UISupportedInterfaceOrientations_iPad = "UIInterfaceOrientationPortrait UIInterfaceOrientationPortraitUpsideDown UIInterfaceOrientationLandscapeLeft UIInterfaceOrientationLandscapeRight";
				INFOPLIST_KEY_UISupportedInterfaceOrientations_iPhone = "UIInterfaceOrientationPortrait UIInterfaceOrientationLandscapeLeft UIInterfaceOrientationLandscapeRight";
				IPHONEOS_DEPLOYMENT_TARGET = 17.0;
				LD_RUNPATH_SEARCH_PATHS = "@executable_path/Frameworks";
				"LD_RUNPATH_SEARCH_PATHS[sdk=macosx*]" = "@executable_path/../Frameworks";
				MACOSX_DEPLOYMENT_TARGET = 15.5;
				MARKETING_VERSION = 1.1.0;
				PRODUCT_BUNDLE_IDENTIFIER = kidneyweakx.airmeishi;
				PRODUCT_NAME = "$(TARGET_NAME)";
				REGISTER_APP_GROUPS = YES;
				SDKROOT = auto;
				SUPPORTED_PLATFORMS = "iphoneos iphonesimulator";
				SWIFT_EMIT_LOC_STRINGS = YES;
				SWIFT_VERSION = 5.0;
				TARGETED_DEVICE_FAMILY = 1;
				XROS_DEPLOYMENT_TARGET = 2.5;
			};
			name = Release;
		};
		F1133DA42E70600C0097A2A4 /* Debug */ = {
			isa = XCBuildConfiguration;
			buildSettings = {
				BUNDLE_LOADER = "$(TEST_HOST)";
				CODE_SIGN_STYLE = Automatic;
				CURRENT_PROJECT_VERSION = 1;
				DEAD_CODE_STRIPPING = YES;
				DEVELOPMENT_TEAM = 5N42RJ485D;
				GENERATE_INFOPLIST_FILE = YES;
				IPHONEOS_DEPLOYMENT_TARGET = 17.0;
				MACOSX_DEPLOYMENT_TARGET = 15.5;
				MARKETING_VERSION = 1.0;
				PRODUCT_BUNDLE_IDENTIFIER = kidneyweakx.airmeishiTests;
				PRODUCT_NAME = "$(TARGET_NAME)";
				SDKROOT = auto;
				SUPPORTED_PLATFORMS = "iphoneos iphonesimulator";
				SWIFT_EMIT_LOC_STRINGS = NO;
				SWIFT_VERSION = 5.0;
				TARGETED_DEVICE_FAMILY = 1;
				TEST_HOST = "$(BUILT_PRODUCTS_DIR)/airmeishi.app/$(BUNDLE_EXECUTABLE_FOLDER_PATH)/airmeishi";
				XROS_DEPLOYMENT_TARGET = 2.5;
			};
			name = Debug;
		};
		F1133DA52E70600C0097A2A4 /* Release */ = {
			isa = XCBuildConfiguration;
			buildSettings = {
				BUNDLE_LOADER = "$(TEST_HOST)";
				CODE_SIGN_STYLE = Automatic;
				CURRENT_PROJECT_VERSION = 1;
				DEAD_CODE_STRIPPING = YES;
				DEVELOPMENT_TEAM = 5N42RJ485D;
				GENERATE_INFOPLIST_FILE = YES;
				IPHONEOS_DEPLOYMENT_TARGET = 17.0;
				MACOSX_DEPLOYMENT_TARGET = 15.5;
				MARKETING_VERSION = 1.0;
				PRODUCT_BUNDLE_IDENTIFIER = kidneyweakx.airmeishiTests;
				PRODUCT_NAME = "$(TARGET_NAME)";
				SDKROOT = auto;
				SUPPORTED_PLATFORMS = "iphoneos iphonesimulator";
				SWIFT_EMIT_LOC_STRINGS = NO;
				SWIFT_VERSION = 5.0;
				TARGETED_DEVICE_FAMILY = 1;
				TEST_HOST = "$(BUILT_PRODUCTS_DIR)/airmeishi.app/$(BUNDLE_EXECUTABLE_FOLDER_PATH)/airmeishi";
				XROS_DEPLOYMENT_TARGET = 2.5;
			};
			name = Release;
		};
		F1133DA72E70600C0097A2A4 /* Debug */ = {
			isa = XCBuildConfiguration;
			buildSettings = {
				CODE_SIGN_STYLE = Automatic;
				CURRENT_PROJECT_VERSION = 1;
				DEAD_CODE_STRIPPING = YES;
				DEVELOPMENT_TEAM = 5N42RJ485D;
				GENERATE_INFOPLIST_FILE = YES;
				IPHONEOS_DEPLOYMENT_TARGET = 17.0;
				MACOSX_DEPLOYMENT_TARGET = 15.5;
				MARKETING_VERSION = 1.0;
				PRODUCT_BUNDLE_IDENTIFIER = kidneyweakx.airmeishiUITests;
				PRODUCT_NAME = "$(TARGET_NAME)";
				SDKROOT = auto;
				SUPPORTED_PLATFORMS = "iphoneos iphonesimulator";
				SWIFT_EMIT_LOC_STRINGS = NO;
				SWIFT_VERSION = 5.0;
				TARGETED_DEVICE_FAMILY = 1;
				TEST_TARGET_NAME = airmeishi;
				XROS_DEPLOYMENT_TARGET = 2.5;
			};
			name = Debug;
		};
		F1133DA82E70600C0097A2A4 /* Release */ = {
			isa = XCBuildConfiguration;
			buildSettings = {
				CODE_SIGN_STYLE = Automatic;
				CURRENT_PROJECT_VERSION = 1;
				DEAD_CODE_STRIPPING = YES;
				DEVELOPMENT_TEAM = 5N42RJ485D;
				GENERATE_INFOPLIST_FILE = YES;
				IPHONEOS_DEPLOYMENT_TARGET = 17.0;
				MACOSX_DEPLOYMENT_TARGET = 15.5;
				MARKETING_VERSION = 1.0;
				PRODUCT_BUNDLE_IDENTIFIER = kidneyweakx.airmeishiUITests;
				PRODUCT_NAME = "$(TARGET_NAME)";
				SDKROOT = auto;
				SUPPORTED_PLATFORMS = "iphoneos iphonesimulator";
				SWIFT_EMIT_LOC_STRINGS = NO;
				SWIFT_VERSION = 5.0;
				TARGETED_DEVICE_FAMILY = 1;
				TEST_TARGET_NAME = airmeishi;
				XROS_DEPLOYMENT_TARGET = 2.5;
			};
			name = Release;
		};
/* End XCBuildConfiguration section */

/* Begin XCConfigurationList section */
		F1133D792E70600A0097A2A4 /* Build configuration list for PBXProject "airmeishi" */ = {
			isa = XCConfigurationList;
			buildConfigurations = (
				F1133D9E2E70600C0097A2A4 /* Debug */,
				F1133D9F2E70600C0097A2A4 /* Release */,
			);
			defaultConfigurationIsVisible = 0;
			defaultConfigurationName = Release;
		};
		F1133DA02E70600C0097A2A4 /* Build configuration list for PBXNativeTarget "airmeishi" */ = {
			isa = XCConfigurationList;
			buildConfigurations = (
				F1133DA12E70600C0097A2A4 /* Debug */,
				F1133DA22E70600C0097A2A4 /* Release */,
			);
			defaultConfigurationIsVisible = 0;
			defaultConfigurationName = Release;
		};
		F1133DA32E70600C0097A2A4 /* Build configuration list for PBXNativeTarget "airmeishiTests" */ = {
			isa = XCConfigurationList;
			buildConfigurations = (
				F1133DA42E70600C0097A2A4 /* Debug */,
				F1133DA52E70600C0097A2A4 /* Release */,
			);
			defaultConfigurationIsVisible = 0;
			defaultConfigurationName = Release;
		};
		F1133DA62E70600C0097A2A4 /* Build configuration list for PBXNativeTarget "airmeishiUITests" */ = {
			isa = XCConfigurationList;
			buildConfigurations = (
				F1133DA72E70600C0097A2A4 /* Debug */,
				F1133DA82E70600C0097A2A4 /* Release */,
			);
			defaultConfigurationIsVisible = 0;
			defaultConfigurationName = Release;
		};
/* End XCConfigurationList section */

/* Begin XCRemoteSwiftPackageReference section */
		F1134EA32E757CE20097A2A4 /* XCRemoteSwiftPackageReference "SemaphoreSwift" */ = {
			isa = XCRemoteSwiftPackageReference;
			repositoryURL = "https://github.com/zkmopro/SemaphoreSwift";
			requirement = {
				branch = main;
				kind = branch;
			};
		};
		F18CDB272EC1F68E005E94B4 /* XCRemoteSwiftPackageReference "sprucekit-mobile" */ = {
			isa = XCRemoteSwiftPackageReference;
			repositoryURL = "https://github.com/spruceid/sprucekit-mobile";
			requirement = {
				kind = upToNextMajorVersion;
				minimumVersion = 0.12.11;
			};
		};
/* End XCRemoteSwiftPackageReference section */

/* Begin XCSwiftPackageProductDependency section */
		F1134EA52E757F230097A2A4 /* Semaphore */ = {
			isa = XCSwiftPackageProductDependency;
			package = F1134EA32E757CE20097A2A4 /* XCRemoteSwiftPackageReference "SemaphoreSwift" */;
			productName = Semaphore;
		};
		F18CDB3B2EC2248C005E94B4 /* SpruceIDMobileSdkRs */ = {
			isa = XCSwiftPackageProductDependency;
			package = F18CDB272EC1F68E005E94B4 /* XCRemoteSwiftPackageReference "sprucekit-mobile" */;
			productName = SpruceIDMobileSdkRs;
		};
/* End XCSwiftPackageProductDependency section */
	};
	rootObject = F1133D762E70600A0097A2A4 /* Project object */;
}
